
Microsoft Visual Studio Solution File, Format Version 12.00
# Visual Studio Version 16
VisualStudioVersion = 16.0.29503.13
MinimumVisualStudioVersion = 10.0.40219.1
Project("{8BC9CEB8-8B4A-11D0-8D11-00A0C91BC942}") = "ASD_4.2", "ASD_4.2\ASD_4.2.vcxproj", "{7485228E-7004-4135-B134-B5A33655131F}"
EndProject
Project("{8BC9CEB8-8B4A-11D0-8D11-00A0C91BC942}") = "UnitTest2", "UnitTest2\UnitTest2.vcxproj", "{67EA726B-F783-4545-9D73-8758AD7AED29}"
EndProject
Global
	GlobalSection(SolutionConfigurationPlatforms) = preSolution
		Debug|x64 = Debug|x64
		Debug|x86 = Debug|x86
		Release|x64 = Release|x64
		Release|x86 = Release|x86
	EndGlobalSection
	GlobalSection(ProjectConfigurationPlatforms) = postSolution
		{7485228E-7004-4135-B134-B5A33655131F}.Debug|x64.ActiveCfg = Debug|x64
		{7485228E-7004-4135-B134-B5A33655131F}.Debug|x64.Build.0 = Debug|x64
		{7485228E-7004-4135-B134-B5A33655131F}.Debug|x86.ActiveCfg = Debug|Win32
		{7485228E-7004-4135-B134-B5A33655131F}.Debug|x86.Build.0 = Debug|Win32
		{7485228E-7004-4135-B134-B5A33655131F}.Release|x64.ActiveCfg = Release|x64
		{7485228E-7004-4135-B134-B5A33655131F}.Release|x64.Build.0 = Release|x64
		{7485228E-7004-4135-B134-B5A33655131F}.Release|x86.ActiveCfg = Release|Win32
		{7485228E-7004-4135-B134-B5A33655131F}.Release|x86.Build.0 = Release|Win32
		{67EA726B-F783-4545-9D73-8758AD7AED29}.Debug|x64.ActiveCfg = Debug|x64
		{67EA726B-F783-4545-9D73-8758AD7AED29}.Debug|x64.Build.0 = Debug|x64
		{67EA726B-F783-4545-9D73-8758AD7AED29}.Debug|x86.ActiveCfg = Debug|Win32
		{67EA726B-F783-4545-9D73-8758AD7AED29}.Debug|x86.Build.0 = Debug|Win32
		{67EA726B-F783-4545-9D73-8758AD7AED29}.Release|x64.ActiveCfg = Release|x64
		{67EA726B-F783-4545-9D73-8758AD7AED29}.Release|x64.Build.0 = Release|x64
		{67EA726B-F783-4545-9D73-8758AD7AED29}.Release|x86.ActiveCfg = Release|Win32
		{67EA726B-F783-4545-9D73-8758AD7AED29}.Release|x86.Build.0 = Release|Win32
	EndGlobalSection
	GlobalSection(SolutionProperties) = preSolution
		HideSolutionNode = FALSE
	EndGlobalSection
	GlobalSection(ExtensibilityGlobals) = postSolution
		SolutionGuid = {A2C1203F-1D9A-4A48-B14C-4ACFD6CEF375}
	EndGlobalSection
EndGlobal
